
Microsoft Visual Studio Solution File, Format Version 12.00
# Visual Studio Version 17
VisualStudioVersion = 17.3.32611.2
MinimumVisualStudioVersion = 10.0.40219.1
Project("{2150E333-8FDC-42A3-9474-1A3956D46DE8}") = "Projects", "Projects", "{4B8D9E1A-F081-4A63-8E1F-01ADD027BEBE}"
EndProject
Project("{2150E333-8FDC-42A3-9474-1A3956D46DE8}") = "Tests", "Tests", "{AC2910E1-1ECC-4BC9-8022-2F73E060FD06}"
EndProject
Project("{2150E333-8FDC-42A3-9474-1A3956D46DE8}") = "ControlPanel", "ControlPanel", "{96439209-5A36-42E7-9B42-085AF8BFAA1F}"
EndProject
Project("{2150E333-8FDC-42A3-9474-1A3956D46DE8}") = "Domain", "Domain", "{011E3D29-AE15-4786-97F3-9B141FF31F84}"
EndProject
Project("{2150E333-8FDC-42A3-9474-1A3956D46DE8}") = "Registars", "Registars", "{E8453772-8B2F-4BA7-A8EB-48D2931B1266}"
EndProject
Project("{2150E333-8FDC-42A3-9474-1A3956D46DE8}") = "WebServers", "WebServers", "{FAEF9846-ADB3-4CFD-8AB5-7080FF39968A}"
EndProject
Project("{2150E333-8FDC-42A3-9474-1A3956D46DE8}") = "FileServers", "FileServers", "{BFE87F3D-A535-4C15-A86B-33E410393942}"
EndProject
Project("{2150E333-8FDC-42A3-9474-1A3956D46DE8}") = "ControlPanel", "ControlPanel", "{0E713FB3-C46F-4777-B285-E2CD7156CFD5}"
EndProject
Project("{2150E333-8FDC-42A3-9474-1A3956D46DE8}") = "Domain", "Domain", "{7331B105-95F7-468D-9459-E39BF0CAEDBB}"
EndProject
Project("{2150E333-8FDC-42A3-9474-1A3956D46DE8}") = "FileServers", "FileServers", "{A348F9E4-AEAC-44D3-89AF-931F96661744}"
EndProject
Project("{2150E333-8FDC-42A3-9474-1A3956D46DE8}") = "Registars", "Registars", "{B8C5CE05-45DA-4330-B567-6633DFB66D07}"
EndProject
Project("{2150E333-8FDC-42A3-9474-1A3956D46DE8}") = "WebServers", "WebServers", "{BED13D68-8C93-40FE-96FC-28EC137119EB}"
EndProject
Project("{9A19103F-16F7-4668-BE54-9A1E7A4F7556}") = "CherryCert.ControlPanel.Server", "Projects\ControlPanel\CherryCert.ControlPanel.Server\CherryCert.ControlPanel.Server.csproj", "{1CAC43C4-840A-4E24-928E-844F583964F0}"
EndProject
Project("{9A19103F-16F7-4668-BE54-9A1E7A4F7556}") = "CherryCert.ControlPanel.Client", "Projects\ControlPanel\CherryCert.ControlPanel.Client\CherryCert.ControlPanel.Client.csproj", "{1909D015-498D-43F7-A0D0-FDC6A2799AD8}"
EndProject
Project("{9A19103F-16F7-4668-BE54-9A1E7A4F7556}") = "CherryCert.ControlPanel.Shared", "Projects\ControlPanel\CherryCert.ControlPanel.Shared\CherryCert.ControlPanel.Shared.csproj", "{D7544603-F7D4-4C5E-B1DD-A495327375A2}"
EndProject
Project("{9A19103F-16F7-4668-BE54-9A1E7A4F7556}") = "CherryCert", "Projects\Domain\CherryCert\CherryCert.csproj", "{9FEF3645-A526-49A9-91C0-172CA792CC6A}"
EndProject
Project("{9A19103F-16F7-4668-BE54-9A1E7A4F7556}") = "CherryCert.FileServers.Abstractions", "Projects\Domain\CherryCert.FileServers.Abstractions\CherryCert.FileServers.Abstractions.csproj", "{740EB865-0500-45A1-B101-A7F94C70320D}"
EndProject
Project("{9A19103F-16F7-4668-BE54-9A1E7A4F7556}") = "CherryCert.Registars.Abstractions", "Projects\Domain\CherryCert.Registars.Abstractions\CherryCert.Registars.Abstractions.csproj", "{EB4990FE-D66B-4D5E-AA44-5EF89A079E0B}"
EndProject
Project("{9A19103F-16F7-4668-BE54-9A1E7A4F7556}") = "CherryCert.Registars.GoogleDomains", "Projects\Registars\CherryCert.Registars.GoogleDomains\CherryCert.Registars.GoogleDomains.csproj", "{F432B2F7-DEE9-4A79-AF33-2128595D0389}"
EndProject
Project("{9A19103F-16F7-4668-BE54-9A1E7A4F7556}") = "CherryCert.FileServers.Windows", "Projects\FileServers\CherryCert.FileServers.Windows\CherryCert.FileServers.Windows.csproj", "{5FFE8AAB-05DE-4AB5-9D4F-8C2BF1FEE6CD}"
EndProject
Project("{9A19103F-16F7-4668-BE54-9A1E7A4F7556}") = "CherryCert.FileServers.Linux", "Projects\FileServers\CherryCert.FileServers.Linux\CherryCert.FileServers.Linux.csproj", "{1D440333-3982-4FB0-B0C1-A58C9C332A7C}"
EndProject
Project("{9A19103F-16F7-4668-BE54-9A1E7A4F7556}") = "CherryCert.FileServers.Ftp", "Projects\FileServers\CherryCert.FileServers.Ftp\CherryCert.FileServers.Ftp.csproj", "{B1FAD7A7-BF7D-4E96-8EB9-EEC61BC06C2A}"
EndProject
Project("{FAE04EC0-301F-11D3-BF4B-00C04F79EFBC}") = "CherryCert.ControlPanel.Client.Tests", "Tests\ControlPanel\CherryCert.ControlPanel.Client.Tests\CherryCert.ControlPanel.Client.Tests.csproj", "{D06EE2FB-5BB6-478A-87B0-70722E79B47F}"
EndProject
Project("{FAE04EC0-301F-11D3-BF4B-00C04F79EFBC}") = "CherryCert.ControlPanel.Server.Tests", "Tests\ControlPanel\CherryCert.ControlPanel.Server.Tests\CherryCert.ControlPanel.Server.Tests.csproj", "{9098EA7A-F51E-449C-BA3E-F5F5D3014020}"
EndProject
Project("{9A19103F-16F7-4668-BE54-9A1E7A4F7556}") = "CherryCert.Tests", "Tests\Domain\CherryCert.Tests\CherryCert.Tests.csproj", "{512000FB-BED4-404F-B2B8-D238D73EADE9}"
EndProject
Project("{9A19103F-16F7-4668-BE54-9A1E7A4F7556}") = "CherryCert.FileServers.Ftp.Tests", "Tests\FileServers\CherryCert.FileServers.Ftp.Tests\CherryCert.FileServers.Ftp.Tests.csproj", "{2765354E-EF07-4502-A089-76F6FBD145B0}"
EndProject
Project("{9A19103F-16F7-4668-BE54-9A1E7A4F7556}") = "CherryCert.FileServers.Linux.Tests", "Tests\FileServers\CherryCert.FileServers.Linux.Tests\CherryCert.FileServers.Linux.Tests.csproj", "{55552BB9-AA23-44FC-9D25-8DC7E6AB87AF}"
EndProject
Project("{9A19103F-16F7-4668-BE54-9A1E7A4F7556}") = "CherryCert.FileServers.Windows.Tests", "Tests\FileServers\CherryCert.FileServers.Windows.Tests\CherryCert.FileServers.Windows.Tests.csproj", "{A516A405-86AC-4969-BC4D-45E8135F08C1}"
EndProject
Project("{9A19103F-16F7-4668-BE54-9A1E7A4F7556}") = "CherryCert.Registars.GoogleDomains.Tests", "Tests\Registars\CherryCert.Registars.GoogleDomains.Tests\CherryCert.Registars.GoogleDomains.Tests.csproj", "{8DC0E278-C097-4C19-A73E-F82DE8739701}"
EndProject
Project("{9A19103F-16F7-4668-BE54-9A1E7A4F7556}") = "CherryCert.WebServers.Linux.Tests", "Tests\WebServers\CherryCert.WebServers.Linux.Tests\CherryCert.WebServers.Linux.Tests.csproj", "{F9D5701B-243C-4D29-8A2C-7D2323316DB6}"
EndProject
Project("{9A19103F-16F7-4668-BE54-9A1E7A4F7556}") = "CherryCert.WebServers.Windows.Tests", "Tests\WebServers\CherryCert.WebServers.Windows.Tests\CherryCert.WebServers.Windows.Tests.csproj", "{F7C8EF4F-8511-4AE4-A2D9-1F83CD21A90C}"
EndProject
Project("{9A19103F-16F7-4668-BE54-9A1E7A4F7556}") = "CherryCert.WebServers.Linux", "Projects\WebServers\CherryCert.WebServers.Linux\CherryCert.WebServers.Linux.csproj", "{A1CE2172-7B46-4BC6-90E0-84441776BFA0}"
EndProject
Project("{9A19103F-16F7-4668-BE54-9A1E7A4F7556}") = "CherryCert.WebServers.Windows", "Projects\WebServers\CherryCert.WebServers.Windows\CherryCert.WebServers.Windows.csproj", "{CE1D1647-887A-4042-97D5-FA3C04E6B253}"
EndProject
Global
	GlobalSection(SolutionConfigurationPlatforms) = preSolution
		Debug|Any CPU = Debug|Any CPU
		Release|Any CPU = Release|Any CPU
	EndGlobalSection
	GlobalSection(ProjectConfigurationPlatforms) = postSolution
		{1CAC43C4-840A-4E24-928E-844F583964F0}.Debug|Any CPU.ActiveCfg = Debug|Any CPU
		{1CAC43C4-840A-4E24-928E-844F583964F0}.Debug|Any CPU.Build.0 = Debug|Any CPU
		{1CAC43C4-840A-4E24-928E-844F583964F0}.Release|Any CPU.ActiveCfg = Release|Any CPU
		{1CAC43C4-840A-4E24-928E-844F583964F0}.Release|Any CPU.Build.0 = Release|Any CPU
		{1909D015-498D-43F7-A0D0-FDC6A2799AD8}.Debug|Any CPU.ActiveCfg = Debug|Any CPU
		{1909D015-498D-43F7-A0D0-FDC6A2799AD8}.Debug|Any CPU.Build.0 = Debug|Any CPU
		{1909D015-498D-43F7-A0D0-FDC6A2799AD8}.Release|Any CPU.ActiveCfg = Release|Any CPU
		{1909D015-498D-43F7-A0D0-FDC6A2799AD8}.Release|Any CPU.Build.0 = Release|Any CPU
		{D7544603-F7D4-4C5E-B1DD-A495327375A2}.Debug|Any CPU.ActiveCfg = Debug|Any CPU
		{D7544603-F7D4-4C5E-B1DD-A495327375A2}.Debug|Any CPU.Build.0 = Debug|Any CPU
		{D7544603-F7D4-4C5E-B1DD-A495327375A2}.Release|Any CPU.ActiveCfg = Release|Any CPU
		{D7544603-F7D4-4C5E-B1DD-A495327375A2}.Release|Any CPU.Build.0 = Release|Any CPU
		{9FEF3645-A526-49A9-91C0-172CA792CC6A}.Debug|Any CPU.ActiveCfg = Debug|Any CPU
		{9FEF3645-A526-49A9-91C0-172CA792CC6A}.Debug|Any CPU.Build.0 = Debug|Any CPU
		{9FEF3645-A526-49A9-91C0-172CA792CC6A}.Release|Any CPU.ActiveCfg = Release|Any CPU
		{9FEF3645-A526-49A9-91C0-172CA792CC6A}.Release|Any CPU.Build.0 = Release|Any CPU
		{740EB865-0500-45A1-B101-A7F94C70320D}.Debug|Any CPU.ActiveCfg = Debug|Any CPU
		{740EB865-0500-45A1-B101-A7F94C70320D}.Debug|Any CPU.Build.0 = Debug|Any CPU
		{740EB865-0500-45A1-B101-A7F94C70320D}.Release|Any CPU.ActiveCfg = Release|Any CPU
		{740EB865-0500-45A1-B101-A7F94C70320D}.Release|Any CPU.Build.0 = Release|Any CPU
		{EB4990FE-D66B-4D5E-AA44-5EF89A079E0B}.Debug|Any CPU.ActiveCfg = Debug|Any CPU
		{EB4990FE-D66B-4D5E-AA44-5EF89A079E0B}.Debug|Any CPU.Build.0 = Debug|Any CPU
		{EB4990FE-D66B-4D5E-AA44-5EF89A079E0B}.Release|Any CPU.ActiveCfg = Release|Any CPU
		{EB4990FE-D66B-4D5E-AA44-5EF89A079E0B}.Release|Any CPU.Build.0 = Release|Any CPU
		{F432B2F7-DEE9-4A79-AF33-2128595D0389}.Debug|Any CPU.ActiveCfg = Debug|Any CPU
		{F432B2F7-DEE9-4A79-AF33-2128595D0389}.Debug|Any CPU.Build.0 = Debug|Any CPU
		{F432B2F7-DEE9-4A79-AF33-2128595D0389}.Release|Any CPU.ActiveCfg = Release|Any CPU
		{F432B2F7-DEE9-4A79-AF33-2128595D0389}.Release|Any CPU.Build.0 = Release|Any CPU
		{5FFE8AAB-05DE-4AB5-9D4F-8C2BF1FEE6CD}.Debug|Any CPU.ActiveCfg = Debug|Any CPU
		{5FFE8AAB-05DE-4AB5-9D4F-8C2BF1FEE6CD}.Debug|Any CPU.Build.0 = Debug|Any CPU
		{5FFE8AAB-05DE-4AB5-9D4F-8C2BF1FEE6CD}.Release|Any CPU.ActiveCfg = Release|Any CPU
		{5FFE8AAB-05DE-4AB5-9D4F-8C2BF1FEE6CD}.Release|Any CPU.Build.0 = Release|Any CPU
		{1D440333-3982-4FB0-B0C1-A58C9C332A7C}.Debug|Any CPU.ActiveCfg = Debug|Any CPU
		{1D440333-3982-4FB0-B0C1-A58C9C332A7C}.Debug|Any CPU.Build.0 = Debug|Any CPU
		{1D440333-3982-4FB0-B0C1-A58C9C332A7C}.Release|Any CPU.ActiveCfg = Release|Any CPU
		{1D440333-3982-4FB0-B0C1-A58C9C332A7C}.Release|Any CPU.Build.0 = Release|Any CPU
		{B1FAD7A7-BF7D-4E96-8EB9-EEC61BC06C2A}.Debug|Any CPU.ActiveCfg = Debug|Any CPU
		{B1FAD7A7-BF7D-4E96-8EB9-EEC61BC06C2A}.Debug|Any CPU.Build.0 = Debug|Any CPU
		{B1FAD7A7-BF7D-4E96-8EB9-EEC61BC06C2A}.Release|Any CPU.ActiveCfg = Release|Any CPU
		{B1FAD7A7-BF7D-4E96-8EB9-EEC61BC06C2A}.Release|Any CPU.Build.0 = Release|Any CPU
		{D06EE2FB-5BB6-478A-87B0-70722E79B47F}.Debug|Any CPU.ActiveCfg = Debug|Any CPU
		{D06EE2FB-5BB6-478A-87B0-70722E79B47F}.Debug|Any CPU.Build.0 = Debug|Any CPU
		{D06EE2FB-5BB6-478A-87B0-70722E79B47F}.Release|Any CPU.ActiveCfg = Release|Any CPU
		{D06EE2FB-5BB6-478A-87B0-70722E79B47F}.Release|Any CPU.Build.0 = Release|Any CPU
		{9098EA7A-F51E-449C-BA3E-F5F5D3014020}.Debug|Any CPU.ActiveCfg = Debug|Any CPU
		{9098EA7A-F51E-449C-BA3E-F5F5D3014020}.Debug|Any CPU.Build.0 = Debug|Any CPU
		{9098EA7A-F51E-449C-BA3E-F5F5D3014020}.Release|Any CPU.ActiveCfg = Release|Any CPU
		{9098EA7A-F51E-449C-BA3E-F5F5D3014020}.Release|Any CPU.Build.0 = Release|Any CPU
		{512000FB-BED4-404F-B2B8-D238D73EADE9}.Debug|Any CPU.ActiveCfg = Debug|Any CPU
		{512000FB-BED4-404F-B2B8-D238D73EADE9}.Debug|Any CPU.Build.0 = Debug|Any CPU
		{512000FB-BED4-404F-B2B8-D238D73EADE9}.Release|Any CPU.ActiveCfg = Release|Any CPU
		{512000FB-BED4-404F-B2B8-D238D73EADE9}.Release|Any CPU.Build.0 = Release|Any CPU
		{2765354E-EF07-4502-A089-76F6FBD145B0}.Debug|Any CPU.ActiveCfg = Debug|Any CPU
		{2765354E-EF07-4502-A089-76F6FBD145B0}.Debug|Any CPU.Build.0 = Debug|Any CPU
		{2765354E-EF07-4502-A089-76F6FBD145B0}.Release|Any CPU.ActiveCfg = Release|Any CPU
		{2765354E-EF07-4502-A089-76F6FBD145B0}.Release|Any CPU.Build.0 = Release|Any CPU
		{55552BB9-AA23-44FC-9D25-8DC7E6AB87AF}.Debug|Any CPU.ActiveCfg = Debug|Any CPU
		{55552BB9-AA23-44FC-9D25-8DC7E6AB87AF}.Debug|Any CPU.Build.0 = Debug|Any CPU
		{55552BB9-AA23-44FC-9D25-8DC7E6AB87AF}.Release|Any CPU.ActiveCfg = Release|Any CPU
		{55552BB9-AA23-44FC-9D25-8DC7E6AB87AF}.Release|Any CPU.Build.0 = Release|Any CPU
		{A516A405-86AC-4969-BC4D-45E8135F08C1}.Debug|Any CPU.ActiveCfg = Debug|Any CPU
		{A516A405-86AC-4969-BC4D-45E8135F08C1}.Debug|Any CPU.Build.0 = Debug|Any CPU
		{A516A405-86AC-4969-BC4D-45E8135F08C1}.Release|Any CPU.ActiveCfg = Release|Any CPU
		{A516A405-86AC-4969-BC4D-45E8135F08C1}.Release|Any CPU.Build.0 = Release|Any CPU
		{8DC0E278-C097-4C19-A73E-F82DE8739701}.Debug|Any CPU.ActiveCfg = Debug|Any CPU
		{8DC0E278-C097-4C19-A73E-F82DE8739701}.Debug|Any CPU.Build.0 = Debug|Any CPU
		{8DC0E278-C097-4C19-A73E-F82DE8739701}.Release|Any CPU.ActiveCfg = Release|Any CPU
		{8DC0E278-C097-4C19-A73E-F82DE8739701}.Release|Any CPU.Build.0 = Release|Any CPU
		{F9D5701B-243C-4D29-8A2C-7D2323316DB6}.Debug|Any CPU.ActiveCfg = Debug|Any CPU
		{F9D5701B-243C-4D29-8A2C-7D2323316DB6}.Debug|Any CPU.Build.0 = Debug|Any CPU
		{F9D5701B-243C-4D29-8A2C-7D2323316DB6}.Release|Any CPU.ActiveCfg = Release|Any CPU
		{F9D5701B-243C-4D29-8A2C-7D2323316DB6}.Release|Any CPU.Build.0 = Release|Any CPU
		{F7C8EF4F-8511-4AE4-A2D9-1F83CD21A90C}.Debug|Any CPU.ActiveCfg = Debug|Any CPU
		{F7C8EF4F-8511-4AE4-A2D9-1F83CD21A90C}.Debug|Any CPU.Build.0 = Debug|Any CPU
		{F7C8EF4F-8511-4AE4-A2D9-1F83CD21A90C}.Release|Any CPU.ActiveCfg = Release|Any CPU
		{F7C8EF4F-8511-4AE4-A2D9-1F83CD21A90C}.Release|Any CPU.Build.0 = Release|Any CPU
		{A1CE2172-7B46-4BC6-90E0-84441776BFA0}.Debug|Any CPU.ActiveCfg = Debug|Any CPU
		{A1CE2172-7B46-4BC6-90E0-84441776BFA0}.Debug|Any CPU.Build.0 = Debug|Any CPU
		{A1CE2172-7B46-4BC6-90E0-84441776BFA0}.Release|Any CPU.ActiveCfg = Release|Any CPU
		{A1CE2172-7B46-4BC6-90E0-84441776BFA0}.Release|Any CPU.Build.0 = Release|Any CPU
		{CE1D1647-887A-4042-97D5-FA3C04E6B253}.Debug|Any CPU.ActiveCfg = Debug|Any CPU
		{CE1D1647-887A-4042-97D5-FA3C04E6B253}.Debug|Any CPU.Build.0 = Debug|Any CPU
		{CE1D1647-887A-4042-97D5-FA3C04E6B253}.Release|Any CPU.ActiveCfg = Release|Any CPU
		{CE1D1647-887A-4042-97D5-FA3C04E6B253}.Release|Any CPU.Build.0 = Release|Any CPU
	EndGlobalSection
	GlobalSection(SolutionProperties) = preSolution
		HideSolutionNode = FALSE
	EndGlobalSection
	GlobalSection(NestedProjects) = preSolution
		{96439209-5A36-42E7-9B42-085AF8BFAA1F} = {4B8D9E1A-F081-4A63-8E1F-01ADD027BEBE}
		{011E3D29-AE15-4786-97F3-9B141FF31F84} = {4B8D9E1A-F081-4A63-8E1F-01ADD027BEBE}
		{E8453772-8B2F-4BA7-A8EB-48D2931B1266} = {4B8D9E1A-F081-4A63-8E1F-01ADD027BEBE}
		{FAEF9846-ADB3-4CFD-8AB5-7080FF39968A} = {4B8D9E1A-F081-4A63-8E1F-01ADD027BEBE}
		{BFE87F3D-A535-4C15-A86B-33E410393942} = {4B8D9E1A-F081-4A63-8E1F-01ADD027BEBE}
		{0E713FB3-C46F-4777-B285-E2CD7156CFD5} = {AC2910E1-1ECC-4BC9-8022-2F73E060FD06}
		{7331B105-95F7-468D-9459-E39BF0CAEDBB} = {AC2910E1-1ECC-4BC9-8022-2F73E060FD06}
		{A348F9E4-AEAC-44D3-89AF-931F96661744} = {AC2910E1-1ECC-4BC9-8022-2F73E060FD06}
		{B8C5CE05-45DA-4330-B567-6633DFB66D07} = {AC2910E1-1ECC-4BC9-8022-2F73E060FD06}
		{BED13D68-8C93-40FE-96FC-28EC137119EB} = {AC2910E1-1ECC-4BC9-8022-2F73E060FD06}
		{1CAC43C4-840A-4E24-928E-844F583964F0} = {96439209-5A36-42E7-9B42-085AF8BFAA1F}
		{1909D015-498D-43F7-A0D0-FDC6A2799AD8} = {96439209-5A36-42E7-9B42-085AF8BFAA1F}
		{D7544603-F7D4-4C5E-B1DD-A495327375A2} = {96439209-5A36-42E7-9B42-085AF8BFAA1F}
		{9FEF3645-A526-49A9-91C0-172CA792CC6A} = {011E3D29-AE15-4786-97F3-9B141FF31F84}
		{740EB865-0500-45A1-B101-A7F94C70320D} = {011E3D29-AE15-4786-97F3-9B141FF31F84}
		{EB4990FE-D66B-4D5E-AA44-5EF89A079E0B} = {011E3D29-AE15-4786-97F3-9B141FF31F84}
		{F432B2F7-DEE9-4A79-AF33-2128595D0389} = {E8453772-8B2F-4BA7-A8EB-48D2931B1266}
		{5FFE8AAB-05DE-4AB5-9D4F-8C2BF1FEE6CD} = {BFE87F3D-A535-4C15-A86B-33E410393942}
		{1D440333-3982-4FB0-B0C1-A58C9C332A7C} = {BFE87F3D-A535-4C15-A86B-33E410393942}
		{B1FAD7A7-BF7D-4E96-8EB9-EEC61BC06C2A} = {BFE87F3D-A535-4C15-A86B-33E410393942}
		{D06EE2FB-5BB6-478A-87B0-70722E79B47F} = {0E713FB3-C46F-4777-B285-E2CD7156CFD5}
		{9098EA7A-F51E-449C-BA3E-F5F5D3014020} = {0E713FB3-C46F-4777-B285-E2CD7156CFD5}
		{512000FB-BED4-404F-B2B8-D238D73EADE9} = {7331B105-95F7-468D-9459-E39BF0CAEDBB}
		{2765354E-EF07-4502-A089-76F6FBD145B0} = {A348F9E4-AEAC-44D3-89AF-931F96661744}
		{55552BB9-AA23-44FC-9D25-8DC7E6AB87AF} = {A348F9E4-AEAC-44D3-89AF-931F96661744}
		{A516A405-86AC-4969-BC4D-45E8135F08C1} = {A348F9E4-AEAC-44D3-89AF-931F96661744}
		{8DC0E278-C097-4C19-A73E-F82DE8739701} = {B8C5CE05-45DA-4330-B567-6633DFB66D07}
		{F9D5701B-243C-4D29-8A2C-7D2323316DB6} = {BED13D68-8C93-40FE-96FC-28EC137119EB}
		{F7C8EF4F-8511-4AE4-A2D9-1F83CD21A90C} = {BED13D68-8C93-40FE-96FC-28EC137119EB}
		{A1CE2172-7B46-4BC6-90E0-84441776BFA0} = {FAEF9846-ADB3-4CFD-8AB5-7080FF39968A}
		{CE1D1647-887A-4042-97D5-FA3C04E6B253} = {FAEF9846-ADB3-4CFD-8AB5-7080FF39968A}
	EndGlobalSection
	GlobalSection(ExtensibilityGlobals) = postSolution
		SolutionGuid = {E189EA59-769C-4020-AD96-B487AFF87993}
	EndGlobalSection
EndGlobal
